
Microsoft Visual Studio Solution File, Format Version 11.00
# Visual Studio Version 17

Project("{8BC9CEB8-8B4A-11D0-8D11-00A0C91BC942}") = "Svg2Path - App", "Svg2Path_App.vcxproj", "{87D80B9D-0CE4-596B-7660-F7F9D44BC5CD}"
EndProject
Global
	GlobalSection(SolutionConfigurationPlatforms) = preSolution
		Debug|x64 = Debug|x64
		Release|x64 = Release|x64
	EndGlobalSection
	GlobalSection(ProjectConfigurationPlatforms) = postSolution
		{87D80B9D-0CE4-596B-7660-F7F9D44BC5CD}.Debug|x64.ActiveCfg = Debug|x64
		{87D80B9D-0CE4-596B-7660-F7F9D44BC5CD}.Debug|x64.Build.0 = Debug|x64
		{87D80B9D-0CE4-596B-7660-F7F9D44BC5CD}.Release|x64.ActiveCfg = Release|x64
		{87D80B9D-0CE4-596B-7660-F7F9D44BC5CD}.Release|x64.Build.0 = Release|x64
	EndGlobalSection
	GlobalSection(SolutionProperties) = preSolution
		HideSolutionNode = FALSE
	EndGlobalSection
EndGlobal
